// !$*UTF8*$!
{
	archiveVersion = 1;
	classes = {
	};
	objectVersion = 55;
	objects = {

/* Begin PBXBuildFile section */
		C5522B592799A9D100AA6122 /* storyPromptViewController.swift in Sources */ = {isa = PBXBuildFile; fileRef = C5522B582799A9D100AA6122 /* storyPromptViewController.swift */; };
		C5522B5C2799E12600AA6122 /* StoryPromptTableTableViewController.swift in Sources */ = {isa = PBXBuildFile; fileRef = C5522B5B2799E12600AA6122 /* StoryPromptTableTableViewController.swift */; };
		C56BF27B2798681F00DD4E41 /* AppDelegate.swift in Sources */ = {isa = PBXBuildFile; fileRef = C56BF27A2798681F00DD4E41 /* AppDelegate.swift */; };
		C56BF27D2798681F00DD4E41 /* SceneDelegate.swift in Sources */ = {isa = PBXBuildFile; fileRef = C56BF27C2798681F00DD4E41 /* SceneDelegate.swift */; };
		C56BF27F2798681F00DD4E41 /* AddStoryPromptViewController.swift in Sources */ = {isa = PBXBuildFile; fileRef = C56BF27E2798681F00DD4E41 /* AddStoryPromptViewController.swift */; };
		C56BF2822798681F00DD4E41 /* Main.storyboard in Resources */ = {isa = PBXBuildFile; fileRef = C56BF2802798681F00DD4E41 /* Main.storyboard */; };
		C56BF2842798682100DD4E41 /* Assets.xcassets in Resources */ = {isa = PBXBuildFile; fileRef = C56BF2832798682100DD4E41 /* Assets.xcassets */; };
		C56BF2872798682100DD4E41 /* LaunchScreen.storyboard in Resources */ = {isa = PBXBuildFile; fileRef = C56BF2852798682100DD4E41 /* LaunchScreen.storyboard */; };
		C56BF2912798688500DD4E41 /* StoryPromptEntry.swift in Sources */ = {isa = PBXBuildFile; fileRef = C56BF28F2798688500DD4E41 /* StoryPromptEntry.swift */; };
		C56BF2922798688500DD4E41 /* StoryPrompts.swift in Sources */ = {isa = PBXBuildFile; fileRef = C56BF2902798688500DD4E41 /* StoryPrompts.swift */; };
/* End PBXBuildFile section */

/* Begin PBXFileReference section */
		C5522B582799A9D100AA6122 /* storyPromptViewController.swift */ = {isa = PBXFileReference; lastKnownFileType = sourcecode.swift; path = storyPromptViewController.swift; sourceTree = "<group>"; };
		C5522B5B2799E12600AA6122 /* StoryPromptTableTableViewController.swift */ = {isa = PBXFileReference; lastKnownFileType = sourcecode.swift; path = StoryPromptTableTableViewController.swift; sourceTree = "<group>"; };
		C56BF2772798681F00DD4E41 /* AppUIKIT.app */ = {isa = PBXFileReference; explicitFileType = wrapper.application; includeInIndex = 0; path = AppUIKIT.app; sourceTree = BUILT_PRODUCTS_DIR; };
		C56BF27A2798681F00DD4E41 /* AppDelegate.swift */ = {isa = PBXFileReference; lastKnownFileType = sourcecode.swift; path = AppDelegate.swift; sourceTree = "<group>"; };
		C56BF27C2798681F00DD4E41 /* SceneDelegate.swift */ = {isa = PBXFileReference; lastKnownFileType = sourcecode.swift; path = SceneDelegate.swift; sourceTree = "<group>"; };
		C56BF27E2798681F00DD4E41 /* AddStoryPromptViewController.swift */ = {isa = PBXFileReference; lastKnownFileType = sourcecode.swift; path = AddStoryPromptViewController.swift; sourceTree = "<group>"; };
		C56BF2812798681F00DD4E41 /* Base */ = {isa = PBXFileReference; lastKnownFileType = file.storyboard; name = Base; path = Base.lproj/Main.storyboard; sourceTree = "<group>"; };
		C56BF2832798682100DD4E41 /* Assets.xcassets */ = {isa = PBXFileReference; lastKnownFileType = folder.assetcatalog; path = Assets.xcassets; sourceTree = "<group>"; };
		C56BF2862798682100DD4E41 /* Base */ = {isa = PBXFileReference; lastKnownFileType = file.storyboard; name = Base; path = Base.lproj/LaunchScreen.storyboard; sourceTree = "<group>"; };
		C56BF2882798682100DD4E41 /* Info.plist */ = {isa = PBXFileReference; lastKnownFileType = text.plist.xml; path = Info.plist; sourceTree = "<group>"; };
		C56BF28F2798688500DD4E41 /* StoryPromptEntry.swift */ = {isa = PBXFileReference; fileEncoding = 4; lastKnownFileType = sourcecode.swift; name = StoryPromptEntry.swift; path = ../../../StoryPrompt/StoryPrompt/Model/StoryPromptEntry.swift; sourceTree = "<group>"; };
		C56BF2902798688500DD4E41 /* StoryPrompts.swift */ = {isa = PBXFileReference; fileEncoding = 4; lastKnownFileType = sourcecode.swift; name = StoryPrompts.swift; path = ../../../StoryPrompt/StoryPrompt/Model/StoryPrompts.swift; sourceTree = "<group>"; };
/* End PBXFileReference section */

/* Begin PBXFrameworksBuildPhase section */
		C56BF2742798681F00DD4E41 /* Frameworks */ = {
			isa = PBXFrameworksBuildPhase;
			buildActionMask = 2147483647;
			files = (
			);
			runOnlyForDeploymentPostprocessing = 0;
		};
/* End PBXFrameworksBuildPhase section */

/* Begin PBXGroup section */
		C5522B5A2799A9E800AA6122 /* View Controllers */ = {
			isa = PBXGroup;
			children = (
				C5522B5B2799E12600AA6122 /* StoryPromptTableTableViewController.swift */,
				C56BF27E2798681F00DD4E41 /* AddStoryPromptViewController.swift */,
				C5522B582799A9D100AA6122 /* storyPromptViewController.swift */,
			);
			path = "View Controllers";
			sourceTree = "<group>";
		};
		C56BF26E2798681F00DD4E41 = {
			isa = PBXGroup;
			children = (
				C56BF2792798681F00DD4E41 /* AppUIKIT */,
				C56BF2782798681F00DD4E41 /* Products */,
			);
			sourceTree = "<group>";
		};
		C56BF2782798681F00DD4E41 /* Products */ = {
			isa = PBXGroup;
			children = (
				C56BF2772798681F00DD4E41 /* AppUIKIT.app */,
			);
			name = Products;
			sourceTree = "<group>";
		};
		C56BF2792798681F00DD4E41 /* AppUIKIT */ = {
			isa = PBXGroup;
			children = (
				C5522B5A2799A9E800AA6122 /* View Controllers */,
				C56BF28E2798687800DD4E41 /* Model */,
				C56BF27A2798681F00DD4E41 /* AppDelegate.swift */,
				C56BF27C2798681F00DD4E41 /* SceneDelegate.swift */,
				C56BF2802798681F00DD4E41 /* Main.storyboard */,
				C56BF2832798682100DD4E41 /* Assets.xcassets */,
				C56BF2852798682100DD4E41 /* LaunchScreen.storyboard */,
				C56BF2882798682100DD4E41 /* Info.plist */,
			);
			path = AppUIKIT;
			sourceTree = "<group>";
		};
		C56BF28E2798687800DD4E41 /* Model */ = {
			isa = PBXGroup;
			children = (
				C56BF28F2798688500DD4E41 /* StoryPromptEntry.swift */,
				C56BF2902798688500DD4E41 /* StoryPrompts.swift */,
			);
			path = Model;
			sourceTree = "<group>";
		};
/* End PBXGroup section */

/* Begin PBXNativeTarget section */
		C56BF2762798681F00DD4E41 /* AppUIKIT */ = {
			isa = PBXNativeTarget;
			buildConfigurationList = C56BF28B2798682100DD4E41 /* Build configuration list for PBXNativeTarget "AppUIKIT" */;
			buildPhases = (
				C56BF2732798681F00DD4E41 /* Sources */,
				C56BF2742798681F00DD4E41 /* Frameworks */,
				C56BF2752798681F00DD4E41 /* Resources */,
			);
			buildRules = (
			);
			dependencies = (
			);
			name = AppUIKIT;
			productName = AppUIKIT;
			productReference = C56BF2772798681F00DD4E41 /* AppUIKIT.app */;
			productType = "com.apple.product-type.application";
		};
/* End PBXNativeTarget section */

/* Begin PBXProject section */
		C56BF26F2798681F00DD4E41 /* Project object */ = {
			isa = PBXProject;
			attributes = {
				BuildIndependentTargetsInParallel = 1;
				LastSwiftUpdateCheck = 1320;
				LastUpgradeCheck = 1320;
				TargetAttributes = {
					C56BF2762798681F00DD4E41 = {
						CreatedOnToolsVersion = 13.2.1;
					};
				};
			};
			buildConfigurationList = C56BF2722798681F00DD4E41 /* Build configuration list for PBXProject "AppUIKIT" */;
			compatibilityVersion = "Xcode 13.0";
			developmentRegion = en;
			hasScannedForEncodings = 0;
			knownRegions = (
				en,
				Base,
			);
			mainGroup = C56BF26E2798681F00DD4E41;
			productRefGroup = C56BF2782798681F00DD4E41 /* Products */;
			projectDirPath = "";
			projectRoot = "";
			targets = (
				C56BF2762798681F00DD4E41 /* AppUIKIT */,
			);
		};
/* End PBXProject section */

/* Begin PBXResourcesBuildPhase section */
		C56BF2752798681F00DD4E41 /* Resources */ = {
			isa = PBXResourcesBuildPhase;
			buildActionMask = 2147483647;
			files = (
				C56BF2872798682100DD4E41 /* LaunchScreen.storyboard in Resources */,
				C56BF2842798682100DD4E41 /* Assets.xcassets in Resources */,
				C56BF2822798681F00DD4E41 /* Main.storyboard in Resources */,
			);
			runOnlyForDeploymentPostprocessing = 0;
		};
/* End PBXResourcesBuildPhase section */

/* Begin PBXSourcesBuildPhase section */
		C56BF2732798681F00DD4E41 /* Sources */ = {
			isa = PBXSourcesBuildPhase;
			buildActionMask = 2147483647;
			files = (
				C5522B592799A9D100AA6122 /* storyPromptViewController.swift in Sources */,
				C56BF2922798688500DD4E41 /* StoryPrompts.swift in Sources */,
				C5522B5C2799E12600AA6122 /* StoryPromptTableTableViewController.swift in Sources */,
				C56BF27F2798681F00DD4E41 /* AddStoryPromptViewController.swift in Sources */,
				C56BF27B2798681F00DD4E41 /* AppDelegate.swift in Sources */,
				C56BF2912798688500DD4E41 /* StoryPromptEntry.swift in Sources */,
				C56BF27D2798681F00DD4E41 /* SceneDelegate.swift in Sources */,
			);
			runOnlyForDeploymentPostprocessing = 0;
		};
/* End PBXSourcesBuildPhase section */

/* Begin PBXVariantGroup section */
		C56BF2802798681F00DD4E41 /* Main.storyboard */ = {
			isa = PBXVariantGroup;
			children = (
				C56BF2812798681F00DD4E41 /* Base */,
			);
			name = Main.storyboard;
			sourceTree = "<group>";
		};
		C56BF2852798682100DD4E41 /* LaunchScreen.storyboard */ = {
			isa = PBXVariantGroup;
			children = (
				C56BF2862798682100DD4E41 /* Base */,
			);
			name = LaunchScreen.storyboard;
			sourceTree = "<group>";
		};
/* End PBXVariantGroup section */

/* Begin XCBuildConfiguration section */
		C56BF2892798682100DD4E41 /* Debug */ = {
			isa = XCBuildConfiguration;
			buildSettings = {
				ALWAYS_SEARCH_USER_PATHS = NO;
				CLANG_ANALYZER_NONNULL = YES;
				CLANG_ANALYZER_NUMBER_OBJECT_CONVERSION = YES_AGGRESSIVE;
				CLANG_CXX_LANGUAGE_STANDARD = "gnu++17";
				CLANG_CXX_LIBRARY = "libc++";
				CLANG_ENABLE_MODULES = YES;
				CLANG_ENABLE_OBJC_ARC = YES;
				CLANG_ENABLE_OBJC_WEAK = YES;
				CLANG_WARN_BLOCK_CAPTURE_AUTORELEASING = YES;
				CLANG_WARN_BOOL_CONVERSION = YES;
				CLANG_WARN_COMMA = YES;
				CLANG_WARN_CONSTANT_CONVERSION = YES;
				CLANG_WARN_DEPRECATED_OBJC_IMPLEMENTATIONS = YES;
				CLANG_WARN_DIRECT_OBJC_ISA_USAGE = YES_ERROR;
				CLANG_WARN_DOCUMENTATION_COMMENTS = YES;
				CLANG_WARN_EMPTY_BODY = YES;
				CLANG_WARN_ENUM_CONVERSION = YES;
				CLANG_WARN_INFINITE_RECURSION = YES;
				CLANG_WARN_INT_CONVERSION = YES;
				CLANG_WARN_NON_LITERAL_NULL_CONVERSION = YES;
				CLANG_WARN_OBJC_IMPLICIT_RETAIN_SELF = YES;
				CLANG_WARN_OBJC_LITERAL_CONVERSION = YES;
				CLANG_WARN_OBJC_ROOT_CLASS = YES_ERROR;
				CLANG_WARN_QUOTED_INCLUDE_IN_FRAMEWORK_HEADER = YES;
				CLANG_WARN_RANGE_LOOP_ANALYSIS = YES;
				CLANG_WARN_STRICT_PROTOTYPES = YES;
				CLANG_WARN_SUSPICIOUS_MOVE = YES;
				CLANG_WARN_UNGUARDED_AVAILABILITY = YES_AGGRESSIVE;
				CLANG_WARN_UNREACHABLE_CODE = YES;
				CLANG_WARN__DUPLICATE_METHOD_MATCH = YES;
				COPY_PHASE_STRIP = NO;
				DEBUG_INFORMATION_FORMAT = dwarf;
				ENABLE_STRICT_OBJC_MSGSEND = YES;
				ENABLE_TESTABILITY = YES;
				GCC_C_LANGUAGE_STANDARD = gnu11;
				GCC_DYNAMIC_NO_PIC = NO;
				GCC_NO_COMMON_BLOCKS = YES;
				GCC_OPTIMIZATION_LEVEL = 0;
				GCC_PREPROCESSOR_DEFINITIONS = (
					"DEBUG=1",
					"$(inherited)",
				);
				GCC_WARN_64_TO_32_BIT_CONVERSION = YES;
				GCC_WARN_ABOUT_RETURN_TYPE = YES_ERROR;
				GCC_WARN_UNDECLARED_SELECTOR = YES;
				GCC_WARN_UNINITIALIZED_AUTOS = YES_AGGRESSIVE;
				GCC_WARN_UNUSED_FUNCTION = YES;
				GCC_WARN_UNUSED_VARIABLE = YES;
				IPHONEOS_DEPLOYMENT_TARGET = 15.2;
				MTL_ENABLE_DEBUG_INFO = INCLUDE_SOURCE;
				MTL_FAST_MATH = YES;
				ONLY_ACTIVE_ARCH = YES;
				SDKROOT = iphoneos;
				SWIFT_ACTIVE_COMPILATION_CONDITIONS = DEBUG;
				SWIFT_OPTIMIZATION_LEVEL = "-Onone";
			};
			name = Debug;
		};
		C56BF28A2798682100DD4E41 /* Release */ = {
			isa = XCBuildConfiguration;
			buildSettings = {
				ALWAYS_SEARCH_USER_PATHS = NO;
				CLANG_ANALYZER_NONNULL = YES;
				CLANG_ANALYZER_NUMBER_OBJECT_CONVERSION = YES_AGGRESSIVE;
				CLANG_CXX_LANGUAGE_STANDARD = "gnu++17";
				CLANG_CXX_LIBRARY = "libc++";
				CLANG_ENABLE_MODULES = YES;
				CLANG_ENABLE_OBJC_ARC = YES;
				CLANG_ENABLE_OBJC_WEAK = YES;
				CLANG_WARN_BLOCK_CAPTURE_AUTORELEASING = YES;
				CLANG_WARN_BOOL_CONVERSION = YES;
				CLANG_WARN_COMMA = YES;
				CLANG_WARN_CONSTANT_CONVERSION = YES;
				CLANG_WARN_DEPRECATED_OBJC_IMPLEMENTATIONS = YES;
				CLANG_WARN_DIRECT_OBJC_ISA_USAGE = YES_ERROR;
				CLANG_WARN_DOCUMENTATION_COMMENTS = YES;
				CLANG_WARN_EMPTY_BODY = YES;
				CLANG_WARN_ENUM_CONVERSION = YES;
				CLANG_WARN_INFINITE_RECURSION = YES;
				CLANG_WARN_INT_CONVERSION = YES;
				CLANG_WARN_NON_LITERAL_NULL_CONVERSION = YES;
				CLANG_WARN_OBJC_IMPLICIT_RETAIN_SELF = YES;
				CLANG_WARN_OBJC_LITERAL_CONVERSION = YES;
				CLANG_WARN_OBJC_ROOT_CLASS = YES_ERROR;
				CLANG_WARN_QUOTED_INCLUDE_IN_FRAMEWORK_HEADER = YES;
				CLANG_WARN_RANGE_LOOP_ANALYSIS = YES;
				CLANG_WARN_STRICT_PROTOTYPES = YES;
				CLANG_WARN_SUSPICIOUS_MOVE = YES;
				CLANG_WARN_UNGUARDED_AVAILABILITY = YES_AGGRESSIVE;
				CLANG_WARN_UNREACHABLE_CODE = YES;
				CLANG_WARN__DUPLICATE_METHOD_MATCH = YES;
				COPY_PHASE_STRIP = NO;
				DEBUG_INFORMATION_FORMAT = "dwarf-with-dsym";
				ENABLE_NS_ASSERTIONS = NO;
				ENABLE_STRICT_OBJC_MSGSEND = YES;
				GCC_C_LANGUAGE_STANDARD = gnu11;
				GCC_NO_COMMON_BLOCKS = YES;
				GCC_WARN_64_TO_32_BIT_CONVERSION = YES;
				GCC_WARN_ABOUT_RETURN_TYPE = YES_ERROR;
				GCC_WARN_UNDECLARED_SELECTOR = YES;
				GCC_WARN_UNINITIALIZED_AUTOS = YES_AGGRESSIVE;
				GCC_WARN_UNUSED_FUNCTION = YES;
				GCC_WARN_UNUSED_VARIABLE = YES;
				IPHONEOS_DEPLOYMENT_TARGET = 15.2;
				MTL_ENABLE_DEBUG_INFO = NO;
				MTL_FAST_MATH = YES;
				SDKROOT = iphoneos;
				SWIFT_COMPILATION_MODE = wholemodule;
				SWIFT_OPTIMIZATION_LEVEL = "-O";
				VALIDATE_PRODUCT = YES;
			};
			name = Release;
		};
		C56BF28C2798682100DD4E41 /* Debug */ = {
			isa = XCBuildConfiguration;
			buildSettings = {
				ASSETCATALOG_COMPILER_APPICON_NAME = AppIcon;
				ASSETCATALOG_COMPILER_GLOBAL_ACCENT_COLOR_NAME = AccentColor;
				CODE_SIGN_STYLE = Automatic;
				CURRENT_PROJECT_VERSION = 1;
				DEVELOPMENT_TEAM = 9954PN6WK6;
				GENERATE_INFOPLIST_FILE = YES;
				INFOPLIST_FILE = AppUIKIT/Info.plist;
				INFOPLIST_KEY_UIApplicationSupportsIndirectInputEvents = YES;
				INFOPLIST_KEY_UILaunchStoryboardName = LaunchScreen;
				INFOPLIST_KEY_UIMainStoryboardFile = Main;
				INFOPLIST_KEY_UISupportedInterfaceOrientations_iPad = "UIInterfaceOrientationPortrait UIInterfaceOrientationPortraitUpsideDown UIInterfaceOrientationLandscapeLeft UIInterfaceOrientationLandscapeRight";
				INFOPLIST_KEY_UISupportedInterfaceOrientations_iPhone = "UIInterfaceOrientationPortrait UIInterfaceOrientationLandscapeLeft UIInterfaceOrientationLandscapeRight";
				LD_RUNPATH_SEARCH_PATHS = (
					"$(inherited)",
					"@executable_path/Frameworks",
				);
				MARKETING_VERSION = 1.0;
				PRODUCT_BUNDLE_IDENTIFIER = Felipe.AppUIKIT;
				PRODUCT_NAME = "$(TARGET_NAME)";
				SWIFT_EMIT_LOC_STRINGS = YES;
				SWIFT_VERSION = 5.0;
				TARGETED_DEVICE_FAMILY = "1,2";
			};
			name = Debug;
		};
		C56BF28D2798682100DD4E41 /* Release */ = {
			isa = XCBuildConfiguration;
			buildSettings = {
				ASSETCATALOG_COMPILER_APPICON_NAME = AppIcon;
				ASSETCATALOG_COMPILER_GLOBAL_ACCENT_COLOR_NAME = AccentColor;
				CODE_SIGN_STYLE = Automatic;
				CURRENT_PROJECT_VERSION = 1;
				DEVELOPMENT_TEAM = 9954PN6WK6;
				GENERATE_INFOPLIST_FILE = YES;
				INFOPLIST_FILE = AppUIKIT/Info.plist;
				INFOPLIST_KEY_UIApplicationSupportsIndirectInputEvents = YES;
				INFOPLIST_KEY_UILaunchStoryboardName = LaunchScreen;
				INFOPLIST_KEY_UIMainStoryboardFile = Main;
				INFOPLIST_KEY_UISupportedInterfaceOrientations_iPad = "UIInterfaceOrientationPortrait UIInterfaceOrientationPortraitUpsideDown UIInterfaceOrientationLandscapeLeft UIInterfaceOrientationLandscapeRight";
				INFOPLIST_KEY_UISupportedInterfaceOrientations_iPhone = "UIInterfaceOrientationPortrait UIInterfaceOrientationLandscapeLeft UIInterfaceOrientationLandscapeRight";
				LD_RUNPATH_SEARCH_PATHS = (
					"$(inherited)",
					"@executable_path/Frameworks",
				);
				MARKETING_VERSION = 1.0;
				PRODUCT_BUNDLE_IDENTIFIER = Felipe.AppUIKIT;
				PRODUCT_NAME = "$(TARGET_NAME)";
				SWIFT_EMIT_LOC_STRINGS = YES;
				SWIFT_VERSION = 5.0;
				TARGETED_DEVICE_FAMILY = "1,2";
			};
			name = Release;
		};
/* End XCBuildConfiguration section */

/* Begin XCConfigurationList section */
		C56BF2722798681F00DD4E41 /* Build configuration list for PBXProject "AppUIKIT" */ = {
			isa = XCConfigurationList;
			buildConfigurations = (
				C56BF2892798682100DD4E41 /* Debug */,
				C56BF28A2798682100DD4E41 /* Release */,
			);
			defaultConfigurationIsVisible = 0;
			defaultConfigurationName = Release;
		};
		C56BF28B2798682100DD4E41 /* Build configuration list for PBXNativeTarget "AppUIKIT" */ = {
			isa = XCConfigurationList;
			buildConfigurations = (
				C56BF28C2798682100DD4E41 /* Debug */,
				C56BF28D2798682100DD4E41 /* Release */,
			);
			defaultConfigurationIsVisible = 0;
			defaultConfigurationName = Release;
		};
/* End XCConfigurationList section */
	};
	rootObject = C56BF26F2798681F00DD4E41 /* Project object */;
}
